// !$*UTF8*$!
{
	archiveVersion = 1;
	classes = {
	};
	objectVersion = 56;
	objects = {

/* Begin PBXBuildFile section */
		072886CA296A478A00A7315D /* SingleWorkoutView.swift in Sources */ = {isa = PBXBuildFile; fileRef = 072886C9296A478A00A7315D /* SingleWorkoutView.swift */; };
		072886E3296DA5BD00A7315D /* Workout+CoreDataClass.swift in Sources */ = {isa = PBXBuildFile; fileRef = 072886DB296DA5BD00A7315D /* Workout+CoreDataClass.swift */; };
		072886E4296DA5BD00A7315D /* Workout+CoreDataProperties.swift in Sources */ = {isa = PBXBuildFile; fileRef = 072886DC296DA5BD00A7315D /* Workout+CoreDataProperties.swift */; };
		072886E5296DA5BD00A7315D /* ExerciseForList+CoreDataClass.swift in Sources */ = {isa = PBXBuildFile; fileRef = 072886DD296DA5BD00A7315D /* ExerciseForList+CoreDataClass.swift */; };
		072886E6296DA5BD00A7315D /* ExerciseForList+CoreDataProperties.swift in Sources */ = {isa = PBXBuildFile; fileRef = 072886DE296DA5BD00A7315D /* ExerciseForList+CoreDataProperties.swift */; };
		072886E7296DA5BD00A7315D /* Set+CoreDataClass.swift in Sources */ = {isa = PBXBuildFile; fileRef = 072886DF296DA5BD00A7315D /* Set+CoreDataClass.swift */; };
		072886E8296DA5BD00A7315D /* Set+CoreDataProperties.swift in Sources */ = {isa = PBXBuildFile; fileRef = 072886E0296DA5BD00A7315D /* Set+CoreDataProperties.swift */; };
		072886E9296DA5BD00A7315D /* Exercise+CoreDataClass.swift in Sources */ = {isa = PBXBuildFile; fileRef = 072886E1296DA5BD00A7315D /* Exercise+CoreDataClass.swift */; };
		072886EA296DA5BD00A7315D /* Exercise+CoreDataProperties.swift in Sources */ = {isa = PBXBuildFile; fileRef = 072886E2296DA5BD00A7315D /* Exercise+CoreDataProperties.swift */; };
		072886EC296DB7F200A7315D /* SingleExerciseView.swift in Sources */ = {isa = PBXBuildFile; fileRef = 072886EB296DB7F200A7315D /* SingleExerciseView.swift */; };
		07FEA723295D3B4700374853 /* Fitness_App.swift in Sources */ = {isa = PBXBuildFile; fileRef = 07FEA722295D3B4700374853 /* Fitness_App.swift */; };
		07FEA725295D3B4700374853 /* LaunchView.swift in Sources */ = {isa = PBXBuildFile; fileRef = 07FEA724295D3B4700374853 /* LaunchView.swift */; };
		07FEA727295D3B4B00374853 /* Assets.xcassets in Resources */ = {isa = PBXBuildFile; fileRef = 07FEA726295D3B4B00374853 /* Assets.xcassets */; };
		07FEA72A295D3B4B00374853 /* Preview Assets.xcassets in Resources */ = {isa = PBXBuildFile; fileRef = 07FEA729295D3B4B00374853 /* Preview Assets.xcassets */; };
		07FEA734295E3ED800374853 /* HomeView.swift in Sources */ = {isa = PBXBuildFile; fileRef = 07FEA733295E3ED800374853 /* HomeView.swift */; };
		07FEA736295E3EF300374853 /* WorkoutsView.swift in Sources */ = {isa = PBXBuildFile; fileRef = 07FEA735295E3EF300374853 /* WorkoutsView.swift */; };
		07FEA738295E3F0E00374853 /* RecentView.swift in Sources */ = {isa = PBXBuildFile; fileRef = 07FEA737295E3F0E00374853 /* RecentView.swift */; };
		07FEA73A295E3F2E00374853 /* SettingsView.swift in Sources */ = {isa = PBXBuildFile; fileRef = 07FEA739295E3F2E00374853 /* SettingsView.swift */; };
		07FEA73C295E741300374853 /* RectangleView.swift in Sources */ = {isa = PBXBuildFile; fileRef = 07FEA73B295E741300374853 /* RectangleView.swift */; };
		07FEA79D2964EDE600374853 /* WorkoutModel.xcdatamodeld in Sources */ = {isa = PBXBuildFile; fileRef = 07FEA79B2964EDE600374853 /* WorkoutModel.xcdatamodeld */; };
		07FEA79F2964EF0500374853 /* DataController.swift in Sources */ = {isa = PBXBuildFile; fileRef = 07FEA79E2964EF0500374853 /* DataController.swift */; };
/* End PBXBuildFile section */

/* Begin PBXFileReference section */
		072886C9296A478A00A7315D /* SingleWorkoutView.swift */ = {isa = PBXFileReference; lastKnownFileType = sourcecode.swift; path = SingleWorkoutView.swift; sourceTree = "<group>"; };
		072886DB296DA5BD00A7315D /* Workout+CoreDataClass.swift */ = {isa = PBXFileReference; lastKnownFileType = sourcecode.swift; path = "Workout+CoreDataClass.swift"; sourceTree = SOURCE_ROOT; };
		072886DC296DA5BD00A7315D /* Workout+CoreDataProperties.swift */ = {isa = PBXFileReference; lastKnownFileType = sourcecode.swift; path = "Workout+CoreDataProperties.swift"; sourceTree = SOURCE_ROOT; };
		072886DD296DA5BD00A7315D /* ExerciseForList+CoreDataClass.swift */ = {isa = PBXFileReference; lastKnownFileType = sourcecode.swift; path = "ExerciseForList+CoreDataClass.swift"; sourceTree = SOURCE_ROOT; };
		072886DE296DA5BD00A7315D /* ExerciseForList+CoreDataProperties.swift */ = {isa = PBXFileReference; lastKnownFileType = sourcecode.swift; path = "ExerciseForList+CoreDataProperties.swift"; sourceTree = SOURCE_ROOT; };
		072886DF296DA5BD00A7315D /* Set+CoreDataClass.swift */ = {isa = PBXFileReference; lastKnownFileType = sourcecode.swift; path = "Set+CoreDataClass.swift"; sourceTree = SOURCE_ROOT; };
		072886E0296DA5BD00A7315D /* Set+CoreDataProperties.swift */ = {isa = PBXFileReference; lastKnownFileType = sourcecode.swift; path = "Set+CoreDataProperties.swift"; sourceTree = SOURCE_ROOT; };
		072886E1296DA5BD00A7315D /* Exercise+CoreDataClass.swift */ = {isa = PBXFileReference; lastKnownFileType = sourcecode.swift; path = "Exercise+CoreDataClass.swift"; sourceTree = SOURCE_ROOT; };
		072886E2296DA5BD00A7315D /* Exercise+CoreDataProperties.swift */ = {isa = PBXFileReference; lastKnownFileType = sourcecode.swift; path = "Exercise+CoreDataProperties.swift"; sourceTree = SOURCE_ROOT; };
		072886EB296DB7F200A7315D /* SingleExerciseView.swift */ = {isa = PBXFileReference; lastKnownFileType = sourcecode.swift; path = SingleExerciseView.swift; sourceTree = "<group>"; };
		07FEA71F295D3B4700374853 /* Fitness App.app */ = {isa = PBXFileReference; explicitFileType = wrapper.application; includeInIndex = 0; path = "Fitness App.app"; sourceTree = BUILT_PRODUCTS_DIR; };
		07FEA722295D3B4700374853 /* Fitness_App.swift */ = {isa = PBXFileReference; lastKnownFileType = sourcecode.swift; path = Fitness_App.swift; sourceTree = "<group>"; };
		07FEA724295D3B4700374853 /* LaunchView.swift */ = {isa = PBXFileReference; lastKnownFileType = sourcecode.swift; path = LaunchView.swift; sourceTree = "<group>"; };
		07FEA726295D3B4B00374853 /* Assets.xcassets */ = {isa = PBXFileReference; lastKnownFileType = folder.assetcatalog; path = Assets.xcassets; sourceTree = "<group>"; };
		07FEA729295D3B4B00374853 /* Preview Assets.xcassets */ = {isa = PBXFileReference; lastKnownFileType = folder.assetcatalog; path = "Preview Assets.xcassets"; sourceTree = "<group>"; };
		07FEA733295E3ED800374853 /* HomeView.swift */ = {isa = PBXFileReference; lastKnownFileType = sourcecode.swift; path = HomeView.swift; sourceTree = "<group>"; };
		07FEA735295E3EF300374853 /* WorkoutsView.swift */ = {isa = PBXFileReference; lastKnownFileType = sourcecode.swift; path = WorkoutsView.swift; sourceTree = "<group>"; };
		07FEA737295E3F0E00374853 /* RecentView.swift */ = {isa = PBXFileReference; lastKnownFileType = sourcecode.swift; path = RecentView.swift; sourceTree = "<group>"; };
		07FEA739295E3F2E00374853 /* SettingsView.swift */ = {isa = PBXFileReference; lastKnownFileType = sourcecode.swift; path = SettingsView.swift; sourceTree = "<group>"; };
		07FEA73B295E741300374853 /* RectangleView.swift */ = {isa = PBXFileReference; lastKnownFileType = sourcecode.swift; path = RectangleView.swift; sourceTree = "<group>"; };
		07FEA79C2964EDE600374853 /* WorkoutModel.xcdatamodel */ = {isa = PBXFileReference; lastKnownFileType = wrapper.xcdatamodel; path = WorkoutModel.xcdatamodel; sourceTree = "<group>"; };
		07FEA79E2964EF0500374853 /* DataController.swift */ = {isa = PBXFileReference; lastKnownFileType = sourcecode.swift; path = DataController.swift; sourceTree = "<group>"; };
/* End PBXFileReference section */

/* Begin PBXFrameworksBuildPhase section */
		07FEA71C295D3B4700374853 /* Frameworks */ = {
			isa = PBXFrameworksBuildPhase;
			buildActionMask = 2147483647;
			files = (
			);
			runOnlyForDeploymentPostprocessing = 0;
		};
/* End PBXFrameworksBuildPhase section */

/* Begin PBXGroup section */
		072886B0296A455600A7315D /* DataModels */ = {
			isa = PBXGroup;
			children = (
				072886DB296DA5BD00A7315D /* Workout+CoreDataClass.swift */,
				072886DC296DA5BD00A7315D /* Workout+CoreDataProperties.swift */,
				072886DD296DA5BD00A7315D /* ExerciseForList+CoreDataClass.swift */,
				072886DE296DA5BD00A7315D /* ExerciseForList+CoreDataProperties.swift */,
				072886DF296DA5BD00A7315D /* Set+CoreDataClass.swift */,
				072886E0296DA5BD00A7315D /* Set+CoreDataProperties.swift */,
				072886E1296DA5BD00A7315D /* Exercise+CoreDataClass.swift */,
				072886E2296DA5BD00A7315D /* Exercise+CoreDataProperties.swift */,
				07FEA79B2964EDE600374853 /* WorkoutModel.xcdatamodeld */,
			);
			path = DataModels;
			sourceTree = "<group>";
		};
		07FEA716295D3B4700374853 = {
			isa = PBXGroup;
			children = (
				07FEA721295D3B4700374853 /* Fitness App */,
				07FEA720295D3B4700374853 /* Products */,
			);
			sourceTree = "<group>";
		};
		07FEA720295D3B4700374853 /* Products */ = {
			isa = PBXGroup;
			children = (
				07FEA71F295D3B4700374853 /* Fitness App.app */,
			);
			name = Products;
			sourceTree = "<group>";
		};
		07FEA721295D3B4700374853 /* Fitness App */ = {
			isa = PBXGroup;
			children = (
				07FEA722295D3B4700374853 /* Fitness_App.swift */,
				07FEA731295D3CF100374853 /* Views */,
				07FEA732295D3CFF00374853 /* ViewModels */,
				07FEA730295D3CE700374853 /* Models */,
				07FEA7A22965001B00374853 /* Helpers */,
				07FEA726295D3B4B00374853 /* Assets.xcassets */,
				07FEA728295D3B4B00374853 /* Preview Content */,
			);
			path = "Fitness App";
			sourceTree = "<group>";
		};
		07FEA728295D3B4B00374853 /* Preview Content */ = {
			isa = PBXGroup;
			children = (
				07FEA729295D3B4B00374853 /* Preview Assets.xcassets */,
			);
			path = "Preview Content";
			sourceTree = "<group>";
		};
		07FEA730295D3CE700374853 /* Models */ = {
			isa = PBXGroup;
			children = (
				072886B0296A455600A7315D /* DataModels */,
				07FEA79E2964EF0500374853 /* DataController.swift */,
			);
			path = Models;
			sourceTree = "<group>";
		};
		07FEA731295D3CF100374853 /* Views */ = {
			isa = PBXGroup;
			children = (
				07FEA724295D3B4700374853 /* LaunchView.swift */,
				07FEA733295E3ED800374853 /* HomeView.swift */,
				07FEA735295E3EF300374853 /* WorkoutsView.swift */,
				07FEA737295E3F0E00374853 /* RecentView.swift */,
				07FEA739295E3F2E00374853 /* SettingsView.swift */,
				07FEA73B295E741300374853 /* RectangleView.swift */,
				072886C9296A478A00A7315D /* SingleWorkoutView.swift */,
				072886EB296DB7F200A7315D /* SingleExerciseView.swift */,
			);
			path = Views;
			sourceTree = "<group>";
		};
		07FEA732295D3CFF00374853 /* ViewModels */ = {
			isa = PBXGroup;
			children = (
			);
			path = ViewModels;
			sourceTree = "<group>";
		};
		07FEA7A22965001B00374853 /* Helpers */ = {
			isa = PBXGroup;
			children = (
			);
			path = Helpers;
			sourceTree = "<group>";
		};
/* End PBXGroup section */

/* Begin PBXNativeTarget section */
		07FEA71E295D3B4700374853 /* Fitness App */ = {
			isa = PBXNativeTarget;
			buildConfigurationList = 07FEA72D295D3B4B00374853 /* Build configuration list for PBXNativeTarget "Fitness App" */;
			buildPhases = (
				07FEA71B295D3B4700374853 /* Sources */,
				07FEA71C295D3B4700374853 /* Frameworks */,
				07FEA71D295D3B4700374853 /* Resources */,
			);
			buildRules = (
			);
			dependencies = (
			);
			name = "Fitness App";
			productName = "Fitness App";
			productReference = 07FEA71F295D3B4700374853 /* Fitness App.app */;
			productType = "com.apple.product-type.application";
		};
/* End PBXNativeTarget section */

/* Begin PBXProject section */
		07FEA717295D3B4700374853 /* Project object */ = {
			isa = PBXProject;
			attributes = {
				BuildIndependentTargetsInParallel = 1;
				LastSwiftUpdateCheck = 1420;
				LastUpgradeCheck = 1420;
				TargetAttributes = {
					07FEA71E295D3B4700374853 = {
						CreatedOnToolsVersion = 14.2;
					};
				};
			};
			buildConfigurationList = 07FEA71A295D3B4700374853 /* Build configuration list for PBXProject "Fitness App" */;
			compatibilityVersion = "Xcode 14.0";
			developmentRegion = en;
			hasScannedForEncodings = 0;
			knownRegions = (
				en,
				Base,
			);
			mainGroup = 07FEA716295D3B4700374853;
			productRefGroup = 07FEA720295D3B4700374853 /* Products */;
			projectDirPath = "";
			projectRoot = "";
			targets = (
				07FEA71E295D3B4700374853 /* Fitness App */,
			);
		};
/* End PBXProject section */

/* Begin PBXResourcesBuildPhase section */
		07FEA71D295D3B4700374853 /* Resources */ = {
			isa = PBXResourcesBuildPhase;
			buildActionMask = 2147483647;
			files = (
				07FEA72A295D3B4B00374853 /* Preview Assets.xcassets in Resources */,
				07FEA727295D3B4B00374853 /* Assets.xcassets in Resources */,
			);
			runOnlyForDeploymentPostprocessing = 0;
		};
/* End PBXResourcesBuildPhase section */

/* Begin PBXSourcesBuildPhase section */
		07FEA71B295D3B4700374853 /* Sources */ = {
			isa = PBXSourcesBuildPhase;
			buildActionMask = 2147483647;
			files = (
				072886E6296DA5BD00A7315D /* ExerciseForList+CoreDataProperties.swift in Sources */,
				072886E4296DA5BD00A7315D /* Workout+CoreDataProperties.swift in Sources */,
				072886E7296DA5BD00A7315D /* Set+CoreDataClass.swift in Sources */,
				07FEA734295E3ED800374853 /* HomeView.swift in Sources */,
				072886E3296DA5BD00A7315D /* Workout+CoreDataClass.swift in Sources */,
				072886E9296DA5BD00A7315D /* Exercise+CoreDataClass.swift in Sources */,
				07FEA79D2964EDE600374853 /* WorkoutModel.xcdatamodeld in Sources */,
				072886CA296A478A00A7315D /* SingleWorkoutView.swift in Sources */,
				072886E5296DA5BD00A7315D /* ExerciseForList+CoreDataClass.swift in Sources */,
				07FEA73C295E741300374853 /* RectangleView.swift in Sources */,
				07FEA725295D3B4700374853 /* LaunchView.swift in Sources */,
				07FEA736295E3EF300374853 /* WorkoutsView.swift in Sources */,
				07FEA79F2964EF0500374853 /* DataController.swift in Sources */,
				072886E8296DA5BD00A7315D /* Set+CoreDataProperties.swift in Sources */,
				07FEA73A295E3F2E00374853 /* SettingsView.swift in Sources */,
				072886EA296DA5BD00A7315D /* Exercise+CoreDataProperties.swift in Sources */,
				07FEA738295E3F0E00374853 /* RecentView.swift in Sources */,
				072886EC296DB7F200A7315D /* SingleExerciseView.swift in Sources */,
				07FEA723295D3B4700374853 /* Fitness_App.swift in Sources */,
			);
			runOnlyForDeploymentPostprocessing = 0;
		};
/* End PBXSourcesBuildPhase section */

/* Begin XCBuildConfiguration section */
		07FEA72B295D3B4B00374853 /* Debug */ = {
			isa = XCBuildConfiguration;
			buildSettings = {
				ALWAYS_SEARCH_USER_PATHS = NO;
				CLANG_ANALYZER_NONNULL = YES;
				CLANG_ANALYZER_NUMBER_OBJECT_CONVERSION = YES_AGGRESSIVE;
				CLANG_CXX_LANGUAGE_STANDARD = "gnu++20";
				CLANG_ENABLE_MODULES = YES;
				CLANG_ENABLE_OBJC_ARC = YES;
				CLANG_ENABLE_OBJC_WEAK = YES;
				CLANG_WARN_BLOCK_CAPTURE_AUTORELEASING = YES;
				CLANG_WARN_BOOL_CONVERSION = YES;
				CLANG_WARN_COMMA = YES;
				CLANG_WARN_CONSTANT_CONVERSION = YES;
				CLANG_WARN_DEPRECATED_OBJC_IMPLEMENTATIONS = YES;
				CLANG_WARN_DIRECT_OBJC_ISA_USAGE = YES_ERROR;
				CLANG_WARN_DOCUMENTATION_COMMENTS = YES;
				CLANG_WARN_EMPTY_BODY = YES;
				CLANG_WARN_ENUM_CONVERSION = YES;
				CLANG_WARN_INFINITE_RECURSION = YES;
				CLANG_WARN_INT_CONVERSION = YES;
				CLANG_WARN_NON_LITERAL_NULL_CONVERSION = YES;
				CLANG_WARN_OBJC_IMPLICIT_RETAIN_SELF = YES;
				CLANG_WARN_OBJC_LITERAL_CONVERSION = YES;
				CLANG_WARN_OBJC_ROOT_CLASS = YES_ERROR;
				CLANG_WARN_QUOTED_INCLUDE_IN_FRAMEWORK_HEADER = YES;
				CLANG_WARN_RANGE_LOOP_ANALYSIS = YES;
				CLANG_WARN_STRICT_PROTOTYPES = YES;
				CLANG_WARN_SUSPICIOUS_MOVE = YES;
				CLANG_WARN_UNGUARDED_AVAILABILITY = YES_AGGRESSIVE;
				CLANG_WARN_UNREACHABLE_CODE = YES;
				CLANG_WARN__DUPLICATE_METHOD_MATCH = YES;
				COPY_PHASE_STRIP = NO;
				DEBUG_INFORMATION_FORMAT = dwarf;
				ENABLE_STRICT_OBJC_MSGSEND = YES;
				ENABLE_TESTABILITY = YES;
				GCC_C_LANGUAGE_STANDARD = gnu11;
				GCC_DYNAMIC_NO_PIC = NO;
				GCC_NO_COMMON_BLOCKS = YES;
				GCC_OPTIMIZATION_LEVEL = 0;
				GCC_PREPROCESSOR_DEFINITIONS = (
					"DEBUG=1",
					"$(inherited)",
				);
				GCC_WARN_64_TO_32_BIT_CONVERSION = YES;
				GCC_WARN_ABOUT_RETURN_TYPE = YES_ERROR;
				GCC_WARN_UNDECLARED_SELECTOR = YES;
				GCC_WARN_UNINITIALIZED_AUTOS = YES_AGGRESSIVE;
				GCC_WARN_UNUSED_FUNCTION = YES;
				GCC_WARN_UNUSED_VARIABLE = YES;
				IPHONEOS_DEPLOYMENT_TARGET = 16.2;
				MTL_ENABLE_DEBUG_INFO = INCLUDE_SOURCE;
				MTL_FAST_MATH = YES;
				ONLY_ACTIVE_ARCH = YES;
				SDKROOT = iphoneos;
				SWIFT_ACTIVE_COMPILATION_CONDITIONS = DEBUG;
				SWIFT_OPTIMIZATION_LEVEL = "-Onone";
			};
			name = Debug;
		};
		07FEA72C295D3B4B00374853 /* Release */ = {
			isa = XCBuildConfiguration;
			buildSettings = {
				ALWAYS_SEARCH_USER_PATHS = NO;
				CLANG_ANALYZER_NONNULL = YES;
				CLANG_ANALYZER_NUMBER_OBJECT_CONVERSION = YES_AGGRESSIVE;
				CLANG_CXX_LANGUAGE_STANDARD = "gnu++20";
				CLANG_ENABLE_MODULES = YES;
				CLANG_ENABLE_OBJC_ARC = YES;
				CLANG_ENABLE_OBJC_WEAK = YES;
				CLANG_WARN_BLOCK_CAPTURE_AUTORELEASING = YES;
				CLANG_WARN_BOOL_CONVERSION = YES;
				CLANG_WARN_COMMA = YES;
				CLANG_WARN_CONSTANT_CONVERSION = YES;
				CLANG_WARN_DEPRECATED_OBJC_IMPLEMENTATIONS = YES;
				CLANG_WARN_DIRECT_OBJC_ISA_USAGE = YES_ERROR;
				CLANG_WARN_DOCUMENTATION_COMMENTS = YES;
				CLANG_WARN_EMPTY_BODY = YES;
				CLANG_WARN_ENUM_CONVERSION = YES;
				CLANG_WARN_INFINITE_RECURSION = YES;
				CLANG_WARN_INT_CONVERSION = YES;
				CLANG_WARN_NON_LITERAL_NULL_CONVERSION = YES;
				CLANG_WARN_OBJC_IMPLICIT_RETAIN_SELF = YES;
				CLANG_WARN_OBJC_LITERAL_CONVERSION = YES;
				CLANG_WARN_OBJC_ROOT_CLASS = YES_ERROR;
				CLANG_WARN_QUOTED_INCLUDE_IN_FRAMEWORK_HEADER = YES;
				CLANG_WARN_RANGE_LOOP_ANALYSIS = YES;
				CLANG_WARN_STRICT_PROTOTYPES = YES;
				CLANG_WARN_SUSPICIOUS_MOVE = YES;
				CLANG_WARN_UNGUARDED_AVAILABILITY = YES_AGGRESSIVE;
				CLANG_WARN_UNREACHABLE_CODE = YES;
				CLANG_WARN__DUPLICATE_METHOD_MATCH = YES;
				COPY_PHASE_STRIP = NO;
				DEBUG_INFORMATION_FORMAT = "dwarf-with-dsym";
				ENABLE_NS_ASSERTIONS = NO;
				ENABLE_STRICT_OBJC_MSGSEND = YES;
				GCC_C_LANGUAGE_STANDARD = gnu11;
				GCC_NO_COMMON_BLOCKS = YES;
				GCC_WARN_64_TO_32_BIT_CONVERSION = YES;
				GCC_WARN_ABOUT_RETURN_TYPE = YES_ERROR;
				GCC_WARN_UNDECLARED_SELECTOR = YES;
				GCC_WARN_UNINITIALIZED_AUTOS = YES_AGGRESSIVE;
				GCC_WARN_UNUSED_FUNCTION = YES;
				GCC_WARN_UNUSED_VARIABLE = YES;
				IPHONEOS_DEPLOYMENT_TARGET = 16.2;
				MTL_ENABLE_DEBUG_INFO = NO;
				MTL_FAST_MATH = YES;
				SDKROOT = iphoneos;
				SWIFT_COMPILATION_MODE = wholemodule;
				SWIFT_OPTIMIZATION_LEVEL = "-O";
				VALIDATE_PRODUCT = YES;
			};
			name = Release;
		};
		07FEA72E295D3B4B00374853 /* Debug */ = {
			isa = XCBuildConfiguration;
			buildSettings = {
				ASSETCATALOG_COMPILER_APPICON_NAME = AppIcon;
				ASSETCATALOG_COMPILER_GLOBAL_ACCENT_COLOR_NAME = AccentColor;
				CODE_SIGN_STYLE = Automatic;
				CURRENT_PROJECT_VERSION = 1;
				DEVELOPMENT_ASSET_PATHS = "\"Fitness App/Preview Content\"";
				DEVELOPMENT_TEAM = Z45KXL7DNG;
				ENABLE_PREVIEWS = YES;
				GENERATE_INFOPLIST_FILE = YES;
				INFOPLIST_KEY_UIApplicationSceneManifest_Generation = YES;
				INFOPLIST_KEY_UIApplicationSupportsIndirectInputEvents = YES;
				INFOPLIST_KEY_UILaunchScreen_Generation = YES;
				INFOPLIST_KEY_UISupportedInterfaceOrientations_iPad = "UIInterfaceOrientationPortrait UIInterfaceOrientationPortraitUpsideDown UIInterfaceOrientationLandscapeLeft UIInterfaceOrientationLandscapeRight";
				INFOPLIST_KEY_UISupportedInterfaceOrientations_iPhone = "UIInterfaceOrientationPortrait UIInterfaceOrientationLandscapeLeft UIInterfaceOrientationLandscapeRight";
				LD_RUNPATH_SEARCH_PATHS = (
					"$(inherited)",
					"@executable_path/Frameworks",
				);
				MARKETING_VERSION = 1.0;
				PRODUCT_BUNDLE_IDENTIFIER = "com.dominicdanborn.Fitness-App";
				PRODUCT_NAME = "$(TARGET_NAME)";
				SWIFT_EMIT_LOC_STRINGS = YES;
				SWIFT_VERSION = 5.0;
				TARGETED_DEVICE_FAMILY = "1,2";
			};
			name = Debug;
		};
		07FEA72F295D3B4B00374853 /* Release */ = {
			isa = XCBuildConfiguration;
			buildSettings = {
				ASSETCATALOG_COMPILER_APPICON_NAME = AppIcon;
				ASSETCATALOG_COMPILER_GLOBAL_ACCENT_COLOR_NAME = AccentColor;
				CODE_SIGN_STYLE = Automatic;
				CURRENT_PROJECT_VERSION = 1;
				DEVELOPMENT_ASSET_PATHS = "\"Fitness App/Preview Content\"";
				DEVELOPMENT_TEAM = Z45KXL7DNG;
				ENABLE_PREVIEWS = YES;
				GENERATE_INFOPLIST_FILE = YES;
				INFOPLIST_KEY_UIApplicationSceneManifest_Generation = YES;
				INFOPLIST_KEY_UIApplicationSupportsIndirectInputEvents = YES;
				INFOPLIST_KEY_UILaunchScreen_Generation = YES;
				INFOPLIST_KEY_UISupportedInterfaceOrientations_iPad = "UIInterfaceOrientationPortrait UIInterfaceOrientationPortraitUpsideDown UIInterfaceOrientationLandscapeLeft UIInterfaceOrientationLandscapeRight";
				INFOPLIST_KEY_UISupportedInterfaceOrientations_iPhone = "UIInterfaceOrientationPortrait UIInterfaceOrientationLandscapeLeft UIInterfaceOrientationLandscapeRight";
				LD_RUNPATH_SEARCH_PATHS = (
					"$(inherited)",
					"@executable_path/Frameworks",
				);
				MARKETING_VERSION = 1.0;
				PRODUCT_BUNDLE_IDENTIFIER = "com.dominicdanborn.Fitness-App";
				PRODUCT_NAME = "$(TARGET_NAME)";
				SWIFT_EMIT_LOC_STRINGS = YES;
				SWIFT_VERSION = 5.0;
				TARGETED_DEVICE_FAMILY = "1,2";
			};
			name = Release;
		};
/* End XCBuildConfiguration section */

/* Begin XCConfigurationList section */
		07FEA71A295D3B4700374853 /* Build configuration list for PBXProject "Fitness App" */ = {
			isa = XCConfigurationList;
			buildConfigurations = (
				07FEA72B295D3B4B00374853 /* Debug */,
				07FEA72C295D3B4B00374853 /* Release */,
			);
			defaultConfigurationIsVisible = 0;
			defaultConfigurationName = Release;
		};
		07FEA72D295D3B4B00374853 /* Build configuration list for PBXNativeTarget "Fitness App" */ = {
			isa = XCConfigurationList;
			buildConfigurations = (
				07FEA72E295D3B4B00374853 /* Debug */,
				07FEA72F295D3B4B00374853 /* Release */,
			);
			defaultConfigurationIsVisible = 0;
			defaultConfigurationName = Release;
		};
/* End XCConfigurationList section */

/* Begin XCVersionGroup section */
		07FEA79B2964EDE600374853 /* WorkoutModel.xcdatamodeld */ = {
			isa = XCVersionGroup;
			children = (
				07FEA79C2964EDE600374853 /* WorkoutModel.xcdatamodel */,
			);
			currentVersion = 07FEA79C2964EDE600374853 /* WorkoutModel.xcdatamodel */;
			path = WorkoutModel.xcdatamodeld;
			sourceTree = "<group>";
			versionGroupType = wrapper.xcdatamodel;
		};
/* End XCVersionGroup section */
	};
	rootObject = 07FEA717295D3B4700374853 /* Project object */;
}
